github.com/google/go-cmp v0.5.5 h1:Khx7svrCpmxxtHBq5j2mp/xVjsi8hQMfNLvJFAlrGgU=
github.com/google/go-cmp v0.5.5/go.mod h1:v8dTdLbMG2kIc/vJvl+f65V22dbkXbowE6jgT/gNBxE=
github.com/google/uuid v1.6.0 h1:NIvaJDMOsjHA8n1jAhLSgzrAzy1Hgr+hNrb57e+94F0=
github.com/google/uuid v1.6.0/go.mod h1:TIyPZe4MgqvfeYDBFedMoGGpEw/LqOeaOT+nhxU+yHo=
github.com/saichler/layer8/go v0.0.0-20250311151304-25af3b45c8b4 h1:UM3XrcYN7c0cZlNdLHscBYrvXPrtjHqC+ChW1ImPu4U=
github.com/saichler/layer8/go v0.0.0-20250311151304-25af3b45c8b4/go.mod h1:ZbMaDN6QzchZD4PhiRRUfX5wJAYmii5Gi3ueV0Sw2ew=
github.com/saichler/reflect/go v0.0.0-20250311152441-9c37ea245c71 h1:LZ0YiW1P+6jSryno8P+89bz2SIHHeB0rLRgx2rmPPQE=
github.com/saichler/reflect/go v0.0.0-20250311152441-9c37ea245c71/go.mod h1:I1Jvscm2gp253R+rwSrKPXNmcLXfcyF2yZ6Wqp7ZSD8=
github.com/saichler/serializer/go v0.0.0-20250311152638-3c8c9bb73d5a h1:Txaa/PEONF8oYesTFl+4Ng5oPdTPdIjYsUcrMALd4Rg=
github.com/saichler/serializer/go v0.0.0-20250311152638-3c8c9bb73d5a/go.mod h1:KkSoTeMGJyXOUI/OeCTLcOAw2UqFfBFf6ISqgwjdwCg=
github.com/saichler/shared/go v0.0.0-20250311150336-efdbbd093705 h1:cyzkWti0Hc9o3CQ0pZ00fDm3fgrp59DJNj4ir5fR9R8=
github.com/saichler/shared/go v0.0.0-20250311150336-efdbbd093705/go.mod h1:/KCgWdWEbgdeNGfurhC7HojVQTQ6+xtyR+H6zukakQU=
github.com/saichler/types/go v0.0.0-20250311042520-c7da563806c5 h1:7qWA7GGm2lHjtYxhcGWyFfbJSZUd0Bql6Z7GAlPGWy4=
github.com/saichler/types/go v0.0.0-20250311042520-c7da563806c5/go.mod h1:VXMfoEKBR24gtmrpXM8fbOoleMax4m6ppGfitba9BjA=
golang.org/x/xerrors v0.0.0-20191204190536-9bdfabe68543 h1:E7g+9GITq07hpfrRu66IVDexMakfv52eLZ2CXBWiKr4=
golang.org/x/xerrors v0.0.0-20191204190536-9bdfabe68543/go.mod h1:I/5z698sn9Ka8TeJc9MKroUUfqBBauWjQqLJ2OPfmY0=
google.golang.org/protobuf v1.36.5 h1:tPhr+woSbjfYvY6/GPufUoYizxw1cF/yFoxJ2fmpwlM=
google.golang.org/protobuf v1.36.5/go.mod h1:9fA7Ob0pmnwhb644+1+CVWFRbNajQ6iRojtC/QF5bRE=
