github.com/google/go-cmp v0.5.5 h1:Khx7svrCpmxxtHBq5j2mp/xVjsi8hQMfNLvJFAlrGgU=
github.com/google/go-cmp v0.5.5/go.mod h1:v8dTdLbMG2kIc/vJvl+f65V22dbkXbowE6jgT/gNBxE=
github.com/google/uuid v1.6.0 h1:NIvaJDMOsjHA8n1jAhLSgzrAzy1Hgr+hNrb57e+94F0=
github.com/google/uuid v1.6.0/go.mod h1:TIyPZe4MgqvfeYDBFedMoGGpEw/LqOeaOT+nhxU+yHo=
github.com/saichler/layer8/go v0.0.0-20250321174022-baf0d2ecd828 h1:6GLKPfK+GFcoLSkKt1ptg0Xd6fTvOORx6LurmoQQyuM=
github.com/saichler/layer8/go v0.0.0-20250321174022-baf0d2ecd828/go.mod h1:WsIm9Z4JTVZNuFpbm8rCpk+6t9arR4+EKxO23KuwfeA=
github.com/saichler/reflect/go v0.0.0-20250317153135-a0a75946f793 h1:O2AKCdipQVthsPfAS4fDsVUxkY7fJWkBtYoJ/HEAK58=
github.com/saichler/reflect/go v0.0.0-20250317153135-a0a75946f793/go.mod h1:EEDvGlXKyd5pC0pEaGtvlExRKnVAGFfTPc2SOoZ4jb8=
github.com/saichler/serializer/go v0.0.0-20250312171751-f16ab3ede337 h1:dz81uCQBl/YjSTHBXFHhcmMFqogX8A9UpLrIUYFEuTs=
github.com/saichler/serializer/go v0.0.0-20250312171751-f16ab3ede337/go.mod h1:nAroBxpeuJfNGFznwUSvANaIfNB4jltFJcGmqxwRUXU=
github.com/saichler/shared/go v0.0.0-20250321173927-28e50225070f h1:st+mT/7ahfdPQ7bWczNv7la659Zwz6Ohr/Dk4/dohGE=
github.com/saichler/shared/go v0.0.0-20250321173927-28e50225070f/go.mod h1:TPeI12PQOw79p3geTPkT9cnZReC77y1Warz0C0myRbI=
github.com/saichler/types/go v0.0.0-20250321165806-582af7ad094e h1:OjZLLhQ8o3EweoYbGIhCiyBh57U2yXMuQxGkspgyGWk=
github.com/saichler/types/go v0.0.0-20250321165806-582af7ad094e/go.mod h1:VXMfoEKBR24gtmrpXM8fbOoleMax4m6ppGfitba9BjA=
golang.org/x/xerrors v0.0.0-20191204190536-9bdfabe68543 h1:E7g+9GITq07hpfrRu66IVDexMakfv52eLZ2CXBWiKr4=
golang.org/x/xerrors v0.0.0-20191204190536-9bdfabe68543/go.mod h1:I/5z698sn9Ka8TeJc9MKroUUfqBBauWjQqLJ2OPfmY0=
google.golang.org/protobuf v1.36.5 h1:tPhr+woSbjfYvY6/GPufUoYizxw1cF/yFoxJ2fmpwlM=
google.golang.org/protobuf v1.36.5/go.mod h1:9fA7Ob0pmnwhb644+1+CVWFRbNajQ6iRojtC/QF5bRE=
