github.com/google/go-cmp v0.5.5 h1:Khx7svrCpmxxtHBq5j2mp/xVjsi8hQMfNLvJFAlrGgU=
github.com/google/go-cmp v0.5.5/go.mod h1:v8dTdLbMG2kIc/vJvl+f65V22dbkXbowE6jgT/gNBxE=
github.com/google/uuid v1.6.0 h1:NIvaJDMOsjHA8n1jAhLSgzrAzy1Hgr+hNrb57e+94F0=
github.com/google/uuid v1.6.0/go.mod h1:TIyPZe4MgqvfeYDBFedMoGGpEw/LqOeaOT+nhxU+yHo=
github.com/saichler/layer8/go v0.0.0-20250306150121-da23ae45a76d h1:519uxyofRsP7hfJHU2nimDWzjTe0CYbdD2/jTkrG3oo=
github.com/saichler/layer8/go v0.0.0-20250306150121-da23ae45a76d/go.mod h1:86Vpb/m4VqAc2lgh0VpQgCiobKoOTm6tvVkyk8RAXRM=
github.com/saichler/reflect v0.0.0-20250228131650-82377d4f813e h1:39ThL/7odKa7JxclOKeleTBLbtpoBZPA3ygYpGqf/4w=
github.com/saichler/reflect v0.0.0-20250228131650-82377d4f813e/go.mod h1:i81Zz9kp1G4AR6fYqkA9rWCkIm2zCgxH+9CLj9Uty1o=
github.com/saichler/serializer v0.0.0-20250219004910-25fd18de6a1b h1:m0AN7a1P8N24UYB3QNuRIOuEzQn9lnl9lC4xbOJL+8U=
github.com/saichler/serializer v0.0.0-20250219004910-25fd18de6a1b/go.mod h1:6BWzYGURD7mauHWwwguxGZ3S26j24ArTKvDElw7Ls4c=
github.com/saichler/shared/go v0.0.0-20250306171037-2c04702418bd h1:sLp14Ty4/hxFVAaskyqUSUklCMMIuagOjNmVmuO/JSo=
github.com/saichler/shared/go v0.0.0-20250306171037-2c04702418bd/go.mod h1:IxLe+eDCeDy/t2bU+ocb23ND1CoCYFwPlH7eKWsTc04=
golang.org/x/xerrors v0.0.0-20191204190536-9bdfabe68543 h1:E7g+9GITq07hpfrRu66IVDexMakfv52eLZ2CXBWiKr4=
golang.org/x/xerrors v0.0.0-20191204190536-9bdfabe68543/go.mod h1:I/5z698sn9Ka8TeJc9MKroUUfqBBauWjQqLJ2OPfmY0=
google.golang.org/protobuf v1.36.5 h1:tPhr+woSbjfYvY6/GPufUoYizxw1cF/yFoxJ2fmpwlM=
google.golang.org/protobuf v1.36.5/go.mod h1:9fA7Ob0pmnwhb644+1+CVWFRbNajQ6iRojtC/QF5bRE=
